
Microsoft Visual Studio Solution File, Format Version 12.00
# Visual Studio Version 17
VisualStudioVersion = 17.14.36908.2
MinimumVisualStudioVersion = 10.0.40219.1
Project("{FAE04EC0-301F-11D3-BF4B-00C04F79EFBC}") = "Api.Banco.ContaCorrente", "Api.Banco.ContaCorrente\Api.Banco.ContaCorrente.csproj", "{F5DA2322-DC63-4510-834C-A2D77D69ADB0}"
EndProject
Project("{FAE04EC0-301F-11D3-BF4B-00C04F79EFBC}") = "Api.Banco.Transferencia", "Api.Banco.Transferencia\Api.Banco.Transferencia.csproj", "{250388ED-7DA1-439F-9CCA-465CB4D48777}"
EndProject
Project("{FAE04EC0-301F-11D3-BF4B-00C04F79EFBC}") = "Api.Banco.Database.ContaCorrente", "Api.Banco.Database.ContaCorrente\Api.Banco.Database.ContaCorrente.csproj", "{77670446-8568-44C7-B145-92F7870047EA}"
EndProject
Project("{FAE04EC0-301F-11D3-BF4B-00C04F79EFBC}") = "Api.Banco.Database.Transferencia", "Api.Banco.Database.Transferencia\Api.Banco.Database.Transferencia.csproj", "{0C0E3F4F-DDF5-4A66-BABE-69CA5E661863}"
EndProject
Project("{FAE04EC0-301F-11D3-BF4B-00C04F79EFBC}") = "Api.Banco.Tarifas", "Api.Banco.Tarifas\Api.Banco.Tarifas.csproj", "{80742A15-0C56-4351-8428-BEC8C8A92233}"
EndProject
Project("{2150E333-8FDC-42A3-9474-1A3956D46DE8}") = "Itens de Solução", "Itens de Solução", "{380A7511-A354-6D7A-0CC0-8FA1F1BA7B6C}"
	ProjectSection(SolutionItems) = preProject
		docker-compose.yml = docker-compose.yml
	EndProjectSection
EndProject
Project("{FAE04EC0-301F-11D3-BF4B-00C04F79EFBC}") = "Api.Banco.Database.Tarifas", "Api.Banco.Database.Tarifas\Api.Banco.Database.Tarifas.csproj", "{C691AA89-C126-269F-036F-C2DB0F5B1F85}"
EndProject
Project("{FAE04EC0-301F-11D3-BF4B-00C04F79EFBC}") = "Api.Banco.Usuarios", "Api.Banco.Usuarios\Api.Banco.Usuarios.csproj", "{A8A9A03E-42AD-4F06-A902-3079033E611E}"
EndProject
Project("{FAE04EC0-301F-11D3-BF4B-00C04F79EFBC}") = "Api.Banco.Database.Usuarios", "Api.Banco.Database.Usuarios\Api.Banco.Database.Usuarios.csproj", "{B413E550-5C50-4D8A-8DAC-E9B6493C61B6}"
EndProject
Global
	GlobalSection(SolutionConfigurationPlatforms) = preSolution
		Debug|Any CPU = Debug|Any CPU
		Release|Any CPU = Release|Any CPU
	EndGlobalSection
	GlobalSection(ProjectConfigurationPlatforms) = postSolution
		{F5DA2322-DC63-4510-834C-A2D77D69ADB0}.Debug|Any CPU.ActiveCfg = Debug|Any CPU
		{F5DA2322-DC63-4510-834C-A2D77D69ADB0}.Debug|Any CPU.Build.0 = Debug|Any CPU
		{F5DA2322-DC63-4510-834C-A2D77D69ADB0}.Release|Any CPU.ActiveCfg = Release|Any CPU
		{F5DA2322-DC63-4510-834C-A2D77D69ADB0}.Release|Any CPU.Build.0 = Release|Any CPU
		{250388ED-7DA1-439F-9CCA-465CB4D48777}.Debug|Any CPU.ActiveCfg = Debug|Any CPU
		{250388ED-7DA1-439F-9CCA-465CB4D48777}.Debug|Any CPU.Build.0 = Debug|Any CPU
		{250388ED-7DA1-439F-9CCA-465CB4D48777}.Release|Any CPU.ActiveCfg = Release|Any CPU
		{250388ED-7DA1-439F-9CCA-465CB4D48777}.Release|Any CPU.Build.0 = Release|Any CPU
		{77670446-8568-44C7-B145-92F7870047EA}.Debug|Any CPU.ActiveCfg = Debug|Any CPU
		{77670446-8568-44C7-B145-92F7870047EA}.Debug|Any CPU.Build.0 = Debug|Any CPU
		{77670446-8568-44C7-B145-92F7870047EA}.Release|Any CPU.ActiveCfg = Release|Any CPU
		{77670446-8568-44C7-B145-92F7870047EA}.Release|Any CPU.Build.0 = Release|Any CPU
		{0C0E3F4F-DDF5-4A66-BABE-69CA5E661863}.Debug|Any CPU.ActiveCfg = Debug|Any CPU
		{0C0E3F4F-DDF5-4A66-BABE-69CA5E661863}.Debug|Any CPU.Build.0 = Debug|Any CPU
		{0C0E3F4F-DDF5-4A66-BABE-69CA5E661863}.Release|Any CPU.ActiveCfg = Release|Any CPU
		{0C0E3F4F-DDF5-4A66-BABE-69CA5E661863}.Release|Any CPU.Build.0 = Release|Any CPU
		{80742A15-0C56-4351-8428-BEC8C8A92233}.Debug|Any CPU.ActiveCfg = Debug|Any CPU
		{80742A15-0C56-4351-8428-BEC8C8A92233}.Debug|Any CPU.Build.0 = Debug|Any CPU
		{80742A15-0C56-4351-8428-BEC8C8A92233}.Release|Any CPU.ActiveCfg = Release|Any CPU
		{80742A15-0C56-4351-8428-BEC8C8A92233}.Release|Any CPU.Build.0 = Release|Any CPU
		{C691AA89-C126-269F-036F-C2DB0F5B1F85}.Debug|Any CPU.ActiveCfg = Debug|Any CPU
		{C691AA89-C126-269F-036F-C2DB0F5B1F85}.Debug|Any CPU.Build.0 = Debug|Any CPU
		{C691AA89-C126-269F-036F-C2DB0F5B1F85}.Release|Any CPU.ActiveCfg = Release|Any CPU
		{C691AA89-C126-269F-036F-C2DB0F5B1F85}.Release|Any CPU.Build.0 = Release|Any CPU
		{A8A9A03E-42AD-4F06-A902-3079033E611E}.Debug|Any CPU.ActiveCfg = Debug|Any CPU
		{A8A9A03E-42AD-4F06-A902-3079033E611E}.Debug|Any CPU.Build.0 = Debug|Any CPU
		{A8A9A03E-42AD-4F06-A902-3079033E611E}.Release|Any CPU.ActiveCfg = Release|Any CPU
		{A8A9A03E-42AD-4F06-A902-3079033E611E}.Release|Any CPU.Build.0 = Release|Any CPU
		{B413E550-5C50-4D8A-8DAC-E9B6493C61B6}.Debug|Any CPU.ActiveCfg = Debug|Any CPU
		{B413E550-5C50-4D8A-8DAC-E9B6493C61B6}.Debug|Any CPU.Build.0 = Debug|Any CPU
		{B413E550-5C50-4D8A-8DAC-E9B6493C61B6}.Release|Any CPU.ActiveCfg = Release|Any CPU
		{B413E550-5C50-4D8A-8DAC-E9B6493C61B6}.Release|Any CPU.Build.0 = Release|Any CPU
	EndGlobalSection
	GlobalSection(SolutionProperties) = preSolution
		HideSolutionNode = FALSE
	EndGlobalSection
	GlobalSection(ExtensibilityGlobals) = postSolution
		SolutionGuid = {A21D47EE-695C-4F4B-9D9B-57527F57A611}
	EndGlobalSection
EndGlobal
